
Microsoft Visual Studio Solution File, Format Version 12.00
# Visual Studio Version 16
VisualStudioVersion = 16.0.34407.143
MinimumVisualStudioVersion = 10.0.40219.1
Project("{8BC9CEB8-8B4A-11D0-8D11-00A0C91BC942}") = "FDBus client demo", "FDBus client demo.vcxproj", "{16DCEC87-1531-426D-8B5C-76DE450EFE39}"
EndProject
Global
	GlobalSection(SolutionConfigurationPlatforms) = preSolution
		Debug|x64 = Debug|x64
		Debug|x86 = Debug|x86
		Release|x64 = Release|x64
		Release|x86 = Release|x86
	EndGlobalSection
	GlobalSection(ProjectConfigurationPlatforms) = postSolution
		{16DCEC87-1531-426D-8B5C-76DE450EFE39}.Debug|x64.ActiveCfg = Debug|x64
		{16DCEC87-1531-426D-8B5C-76DE450EFE39}.Debug|x64.Build.0 = Debug|x64
		{16DCEC87-1531-426D-8B5C-76DE450EFE39}.Debug|x86.ActiveCfg = Debug|Win32
		{16DCEC87-1531-426D-8B5C-76DE450EFE39}.Debug|x86.Build.0 = Debug|Win32
		{16DCEC87-1531-426D-8B5C-76DE450EFE39}.Release|x64.ActiveCfg = Release|x64
		{16DCEC87-1531-426D-8B5C-76DE450EFE39}.Release|x64.Build.0 = Release|x64
		{16DCEC87-1531-426D-8B5C-76DE450EFE39}.Release|x86.ActiveCfg = Release|Win32
		{16DCEC87-1531-426D-8B5C-76DE450EFE39}.Release|x86.Build.0 = Release|Win32
	EndGlobalSection
	GlobalSection(SolutionProperties) = preSolution
		HideSolutionNode = FALSE
	EndGlobalSection
	GlobalSection(ExtensibilityGlobals) = postSolution
		SolutionGuid = {6D5CDA07-EBF1-4F56-AB91-037AD1A6AB86}
	EndGlobalSection
EndGlobal
